
Microsoft Visual Studio Solution File, Format Version 12.00
# Visual Studio 14
VisualStudioVersion = 14.0.25420.1
MinimumVisualStudioVersion = 10.0.40219.1
Project("{FAE04EC0-301F-11D3-BF4B-00C04F79EFBC}") = "app_pesquisa", "app_pesquisa\app_pesquisa\app_pesquisa.csproj", "{F3147BAE-08F3-4F72-A27D-5842E859C067}"
EndProject
Project("{FAE04EC0-301F-11D3-BF4B-00C04F79EFBC}") = "app_pesquisa.Droid", "app_pesquisa\app_pesquisa.Droid\app_pesquisa.Droid.csproj", "{00FD6F14-A86A-4570-BF91-F661B7947215}"
EndProject
Global
	GlobalSection(SolutionConfigurationPlatforms) = preSolution
		Ad-Hoc|Any CPU = Ad-Hoc|Any CPU
		Ad-Hoc|ARM = Ad-Hoc|ARM
		Ad-Hoc|iPhone = Ad-Hoc|iPhone
		Ad-Hoc|iPhoneSimulator = Ad-Hoc|iPhoneSimulator
		Ad-Hoc|x64 = Ad-Hoc|x64
		Ad-Hoc|x86 = Ad-Hoc|x86
		AppStore|Any CPU = AppStore|Any CPU
		AppStore|ARM = AppStore|ARM
		AppStore|iPhone = AppStore|iPhone
		AppStore|iPhoneSimulator = AppStore|iPhoneSimulator
		AppStore|x64 = AppStore|x64
		AppStore|x86 = AppStore|x86
		Debug|Any CPU = Debug|Any CPU
		Debug|ARM = Debug|ARM
		Debug|iPhone = Debug|iPhone
		Debug|iPhoneSimulator = Debug|iPhoneSimulator
		Debug|x64 = Debug|x64
		Debug|x86 = Debug|x86
		Release|Any CPU = Release|Any CPU
		Release|ARM = Release|ARM
		Release|iPhone = Release|iPhone
		Release|iPhoneSimulator = Release|iPhoneSimulator
		Release|x64 = Release|x64
		Release|x86 = Release|x86
	EndGlobalSection
	GlobalSection(ProjectConfigurationPlatforms) = postSolution
		{F3147BAE-08F3-4F72-A27D-5842E859C067}.Ad-Hoc|Any CPU.ActiveCfg = Release|Any CPU
		{F3147BAE-08F3-4F72-A27D-5842E859C067}.Ad-Hoc|Any CPU.Build.0 = Release|Any CPU
		{F3147BAE-08F3-4F72-A27D-5842E859C067}.Ad-Hoc|ARM.ActiveCfg = Release|Any CPU
		{F3147BAE-08F3-4F72-A27D-5842E859C067}.Ad-Hoc|ARM.Build.0 = Release|Any CPU
		{F3147BAE-08F3-4F72-A27D-5842E859C067}.Ad-Hoc|iPhone.ActiveCfg = Release|Any CPU
		{F3147BAE-08F3-4F72-A27D-5842E859C067}.Ad-Hoc|iPhone.Build.0 = Release|Any CPU
		{F3147BAE-08F3-4F72-A27D-5842E859C067}.Ad-Hoc|iPhoneSimulator.ActiveCfg = Release|Any CPU
		{F3147BAE-08F3-4F72-A27D-5842E859C067}.Ad-Hoc|iPhoneSimulator.Build.0 = Release|Any CPU
		{F3147BAE-08F3-4F72-A27D-5842E859C067}.Ad-Hoc|x64.ActiveCfg = Release|Any CPU
		{F3147BAE-08F3-4F72-A27D-5842E859C067}.Ad-Hoc|x64.Build.0 = Release|Any CPU
		{F3147BAE-08F3-4F72-A27D-5842E859C067}.Ad-Hoc|x86.ActiveCfg = Release|Any CPU
		{F3147BAE-08F3-4F72-A27D-5842E859C067}.Ad-Hoc|x86.Build.0 = Release|Any CPU
		{F3147BAE-08F3-4F72-A27D-5842E859C067}.AppStore|Any CPU.ActiveCfg = Release|Any CPU
		{F3147BAE-08F3-4F72-A27D-5842E859C067}.AppStore|Any CPU.Build.0 = Release|Any CPU
		{F3147BAE-08F3-4F72-A27D-5842E859C067}.AppStore|ARM.ActiveCfg = Release|Any CPU
		{F3147BAE-08F3-4F72-A27D-5842E859C067}.AppStore|ARM.Build.0 = Release|Any CPU
		{F3147BAE-08F3-4F72-A27D-5842E859C067}.AppStore|iPhone.ActiveCfg = Release|Any CPU
		{F3147BAE-08F3-4F72-A27D-5842E859C067}.AppStore|iPhone.Build.0 = Release|Any CPU
		{F3147BAE-08F3-4F72-A27D-5842E859C067}.AppStore|iPhoneSimulator.ActiveCfg = Release|Any CPU
		{F3147BAE-08F3-4F72-A27D-5842E859C067}.AppStore|iPhoneSimulator.Build.0 = Release|Any CPU
		{F3147BAE-08F3-4F72-A27D-5842E859C067}.AppStore|x64.ActiveCfg = Release|Any CPU
		{F3147BAE-08F3-4F72-A27D-5842E859C067}.AppStore|x64.Build.0 = Release|Any CPU
		{F3147BAE-08F3-4F72-A27D-5842E859C067}.AppStore|x86.ActiveCfg = Release|Any CPU
		{F3147BAE-08F3-4F72-A27D-5842E859C067}.AppStore|x86.Build.0 = Release|Any CPU
		{F3147BAE-08F3-4F72-A27D-5842E859C067}.Debug|Any CPU.ActiveCfg = Debug|Any CPU
		{F3147BAE-08F3-4F72-A27D-5842E859C067}.Debug|Any CPU.Build.0 = Debug|Any CPU
		{F3147BAE-08F3-4F72-A27D-5842E859C067}.Debug|ARM.ActiveCfg = Debug|Any CPU
		{F3147BAE-08F3-4F72-A27D-5842E859C067}.Debug|ARM.Build.0 = Debug|Any CPU
		{F3147BAE-08F3-4F72-A27D-5842E859C067}.Debug|iPhone.ActiveCfg = Debug|Any CPU
		{F3147BAE-08F3-4F72-A27D-5842E859C067}.Debug|iPhone.Build.0 = Debug|Any CPU
		{F3147BAE-08F3-4F72-A27D-5842E859C067}.Debug|iPhoneSimulator.ActiveCfg = Debug|Any CPU
		{F3147BAE-08F3-4F72-A27D-5842E859C067}.Debug|iPhoneSimulator.Build.0 = Debug|Any CPU
		{F3147BAE-08F3-4F72-A27D-5842E859C067}.Debug|x64.ActiveCfg = Debug|Any CPU
		{F3147BAE-08F3-4F72-A27D-5842E859C067}.Debug|x64.Build.0 = Debug|Any CPU
		{F3147BAE-08F3-4F72-A27D-5842E859C067}.Debug|x86.ActiveCfg = Debug|Any CPU
		{F3147BAE-08F3-4F72-A27D-5842E859C067}.Debug|x86.Build.0 = Debug|Any CPU
		{F3147BAE-08F3-4F72-A27D-5842E859C067}.Release|Any CPU.ActiveCfg = Release|Any CPU
		{F3147BAE-08F3-4F72-A27D-5842E859C067}.Release|Any CPU.Build.0 = Release|Any CPU
		{F3147BAE-08F3-4F72-A27D-5842E859C067}.Release|ARM.ActiveCfg = Release|Any CPU
		{F3147BAE-08F3-4F72-A27D-5842E859C067}.Release|ARM.Build.0 = Release|Any CPU
		{F3147BAE-08F3-4F72-A27D-5842E859C067}.Release|iPhone.ActiveCfg = Release|Any CPU
		{F3147BAE-08F3-4F72-A27D-5842E859C067}.Release|iPhone.Build.0 = Release|Any CPU
		{F3147BAE-08F3-4F72-A27D-5842E859C067}.Release|iPhoneSimulator.ActiveCfg = Release|Any CPU
		{F3147BAE-08F3-4F72-A27D-5842E859C067}.Release|iPhoneSimulator.Build.0 = Release|Any CPU
		{F3147BAE-08F3-4F72-A27D-5842E859C067}.Release|x64.ActiveCfg = Release|Any CPU
		{F3147BAE-08F3-4F72-A27D-5842E859C067}.Release|x64.Build.0 = Release|Any CPU
		{F3147BAE-08F3-4F72-A27D-5842E859C067}.Release|x86.ActiveCfg = Release|Any CPU
		{F3147BAE-08F3-4F72-A27D-5842E859C067}.Release|x86.Build.0 = Release|Any CPU
		{00FD6F14-A86A-4570-BF91-F661B7947215}.Ad-Hoc|Any CPU.ActiveCfg = Release|Any CPU
		{00FD6F14-A86A-4570-BF91-F661B7947215}.Ad-Hoc|Any CPU.Build.0 = Release|Any CPU
		{00FD6F14-A86A-4570-BF91-F661B7947215}.Ad-Hoc|Any CPU.Deploy.0 = Release|Any CPU
		{00FD6F14-A86A-4570-BF91-F661B7947215}.Ad-Hoc|ARM.ActiveCfg = Release|Any CPU
		{00FD6F14-A86A-4570-BF91-F661B7947215}.Ad-Hoc|ARM.Build.0 = Release|Any CPU
		{00FD6F14-A86A-4570-BF91-F661B7947215}.Ad-Hoc|ARM.Deploy.0 = Release|Any CPU
		{00FD6F14-A86A-4570-BF91-F661B7947215}.Ad-Hoc|iPhone.ActiveCfg = Release|Any CPU
		{00FD6F14-A86A-4570-BF91-F661B7947215}.Ad-Hoc|iPhone.Build.0 = Release|Any CPU
		{00FD6F14-A86A-4570-BF91-F661B7947215}.Ad-Hoc|iPhone.Deploy.0 = Release|Any CPU
		{00FD6F14-A86A-4570-BF91-F661B7947215}.Ad-Hoc|iPhoneSimulator.ActiveCfg = Release|Any CPU
		{00FD6F14-A86A-4570-BF91-F661B7947215}.Ad-Hoc|iPhoneSimulator.Build.0 = Release|Any CPU
		{00FD6F14-A86A-4570-BF91-F661B7947215}.Ad-Hoc|iPhoneSimulator.Deploy.0 = Release|Any CPU
		{00FD6F14-A86A-4570-BF91-F661B7947215}.Ad-Hoc|x64.ActiveCfg = Release|Any CPU
		{00FD6F14-A86A-4570-BF91-F661B7947215}.Ad-Hoc|x64.Build.0 = Release|Any CPU
		{00FD6F14-A86A-4570-BF91-F661B7947215}.Ad-Hoc|x64.Deploy.0 = Release|Any CPU
		{00FD6F14-A86A-4570-BF91-F661B7947215}.Ad-Hoc|x86.ActiveCfg = Release|Any CPU
		{00FD6F14-A86A-4570-BF91-F661B7947215}.Ad-Hoc|x86.Build.0 = Release|Any CPU
		{00FD6F14-A86A-4570-BF91-F661B7947215}.Ad-Hoc|x86.Deploy.0 = Release|Any CPU
		{00FD6F14-A86A-4570-BF91-F661B7947215}.AppStore|Any CPU.ActiveCfg = Release|Any CPU
		{00FD6F14-A86A-4570-BF91-F661B7947215}.AppStore|Any CPU.Build.0 = Release|Any CPU
		{00FD6F14-A86A-4570-BF91-F661B7947215}.AppStore|Any CPU.Deploy.0 = Release|Any CPU
		{00FD6F14-A86A-4570-BF91-F661B7947215}.AppStore|ARM.ActiveCfg = Release|Any CPU
		{00FD6F14-A86A-4570-BF91-F661B7947215}.AppStore|ARM.Build.0 = Release|Any CPU
		{00FD6F14-A86A-4570-BF91-F661B7947215}.AppStore|ARM.Deploy.0 = Release|Any CPU
		{00FD6F14-A86A-4570-BF91-F661B7947215}.AppStore|iPhone.ActiveCfg = Release|Any CPU
		{00FD6F14-A86A-4570-BF91-F661B7947215}.AppStore|iPhone.Build.0 = Release|Any CPU
		{00FD6F14-A86A-4570-BF91-F661B7947215}.AppStore|iPhone.Deploy.0 = Release|Any CPU
		{00FD6F14-A86A-4570-BF91-F661B7947215}.AppStore|iPhoneSimulator.ActiveCfg = Release|Any CPU
		{00FD6F14-A86A-4570-BF91-F661B7947215}.AppStore|iPhoneSimulator.Build.0 = Release|Any CPU
		{00FD6F14-A86A-4570-BF91-F661B7947215}.AppStore|iPhoneSimulator.Deploy.0 = Release|Any CPU
		{00FD6F14-A86A-4570-BF91-F661B7947215}.AppStore|x64.ActiveCfg = Release|Any CPU
		{00FD6F14-A86A-4570-BF91-F661B7947215}.AppStore|x64.Build.0 = Release|Any CPU
		{00FD6F14-A86A-4570-BF91-F661B7947215}.AppStore|x64.Deploy.0 = Release|Any CPU
		{00FD6F14-A86A-4570-BF91-F661B7947215}.AppStore|x86.ActiveCfg = Release|Any CPU
		{00FD6F14-A86A-4570-BF91-F661B7947215}.AppStore|x86.Build.0 = Release|Any CPU
		{00FD6F14-A86A-4570-BF91-F661B7947215}.AppStore|x86.Deploy.0 = Release|Any CPU
		{00FD6F14-A86A-4570-BF91-F661B7947215}.Debug|Any CPU.ActiveCfg = Debug|Any CPU
		{00FD6F14-A86A-4570-BF91-F661B7947215}.Debug|Any CPU.Build.0 = Debug|Any CPU
		{00FD6F14-A86A-4570-BF91-F661B7947215}.Debug|Any CPU.Deploy.0 = Debug|Any CPU
		{00FD6F14-A86A-4570-BF91-F661B7947215}.Debug|ARM.ActiveCfg = Debug|Any CPU
		{00FD6F14-A86A-4570-BF91-F661B7947215}.Debug|ARM.Build.0 = Debug|Any CPU
		{00FD6F14-A86A-4570-BF91-F661B7947215}.Debug|ARM.Deploy.0 = Debug|Any CPU
		{00FD6F14-A86A-4570-BF91-F661B7947215}.Debug|iPhone.ActiveCfg = Debug|Any CPU
		{00FD6F14-A86A-4570-BF91-F661B7947215}.Debug|iPhone.Build.0 = Debug|Any CPU
		{00FD6F14-A86A-4570-BF91-F661B7947215}.Debug|iPhone.Deploy.0 = Debug|Any CPU
		{00FD6F14-A86A-4570-BF91-F661B7947215}.Debug|iPhoneSimulator.ActiveCfg = Debug|Any CPU
		{00FD6F14-A86A-4570-BF91-F661B7947215}.Debug|iPhoneSimulator.Build.0 = Debug|Any CPU
		{00FD6F14-A86A-4570-BF91-F661B7947215}.Debug|iPhoneSimulator.Deploy.0 = Debug|Any CPU
		{00FD6F14-A86A-4570-BF91-F661B7947215}.Debug|x64.ActiveCfg = Debug|Any CPU
		{00FD6F14-A86A-4570-BF91-F661B7947215}.Debug|x64.Build.0 = Debug|Any CPU
		{00FD6F14-A86A-4570-BF91-F661B7947215}.Debug|x64.Deploy.0 = Debug|Any CPU
		{00FD6F14-A86A-4570-BF91-F661B7947215}.Debug|x86.ActiveCfg = Debug|Any CPU
		{00FD6F14-A86A-4570-BF91-F661B7947215}.Debug|x86.Build.0 = Debug|Any CPU
		{00FD6F14-A86A-4570-BF91-F661B7947215}.Debug|x86.Deploy.0 = Debug|Any CPU
		{00FD6F14-A86A-4570-BF91-F661B7947215}.Release|Any CPU.ActiveCfg = Release|Any CPU
		{00FD6F14-A86A-4570-BF91-F661B7947215}.Release|Any CPU.Build.0 = Release|Any CPU
		{00FD6F14-A86A-4570-BF91-F661B7947215}.Release|Any CPU.Deploy.0 = Release|Any CPU
		{00FD6F14-A86A-4570-BF91-F661B7947215}.Release|ARM.ActiveCfg = Release|Any CPU
		{00FD6F14-A86A-4570-BF91-F661B7947215}.Release|ARM.Build.0 = Release|Any CPU
		{00FD6F14-A86A-4570-BF91-F661B7947215}.Release|ARM.Deploy.0 = Release|Any CPU
		{00FD6F14-A86A-4570-BF91-F661B7947215}.Release|iPhone.ActiveCfg = Release|Any CPU
		{00FD6F14-A86A-4570-BF91-F661B7947215}.Release|iPhone.Build.0 = Release|Any CPU
		{00FD6F14-A86A-4570-BF91-F661B7947215}.Release|iPhone.Deploy.0 = Release|Any CPU
		{00FD6F14-A86A-4570-BF91-F661B7947215}.Release|iPhoneSimulator.ActiveCfg = Release|Any CPU
		{00FD6F14-A86A-4570-BF91-F661B7947215}.Release|iPhoneSimulator.Build.0 = Release|Any CPU
		{00FD6F14-A86A-4570-BF91-F661B7947215}.Release|iPhoneSimulator.Deploy.0 = Release|Any CPU
		{00FD6F14-A86A-4570-BF91-F661B7947215}.Release|x64.ActiveCfg = Release|Any CPU
		{00FD6F14-A86A-4570-BF91-F661B7947215}.Release|x64.Build.0 = Release|Any CPU
		{00FD6F14-A86A-4570-BF91-F661B7947215}.Release|x64.Deploy.0 = Release|Any CPU
		{00FD6F14-A86A-4570-BF91-F661B7947215}.Release|x86.ActiveCfg = Release|Any CPU
		{00FD6F14-A86A-4570-BF91-F661B7947215}.Release|x86.Build.0 = Release|Any CPU
		{00FD6F14-A86A-4570-BF91-F661B7947215}.Release|x86.Deploy.0 = Release|Any CPU
	EndGlobalSection
	GlobalSection(SolutionProperties) = preSolution
		HideSolutionNode = FALSE
	EndGlobalSection
EndGlobal
